{
  "name": "themes-provider",
  "version": "0.0.0",
  "lockfileVersion": 3,
  "requires": true,
  "packages": {
    "": {
      "name": "themes-provider",
      "version": "0.0.0",
      "license": "MIT",
      "dependencies": {
        "ziko": "^0.36.2"
      }
    },
    "node_modules/ziko": {
      "version": "0.36.2",
      "resolved": "https://registry.npmjs.org/ziko/-/ziko-0.36.2.tgz",
      "integrity": "sha512-+fWD+mHBpSiGFJIxRERDTnU1ipB3PKT9tZE7W+68CW2HeKyJo/6goR5sL3YgJTegAVtW53N1cJ5rb6gv5ySxpw==",
      "license": "MIT",
      "bin": {
        "create-ziko-app": "starter/bin/index.js"
      }
    }
  }
}
