{
  "name": "themes-provider",
  "version": "0.2.0",
  "lockfileVersion": 3,
  "requires": true,
  "packages": {
    "": {
      "name": "themes-provider",
      "version": "0.2.0",
      "license": "MIT",
      "dependencies": {
        "ziko": "^0.40.1"
      }
    },
    "node_modules/ziko": {
      "version": "0.40.1",
      "resolved": "https://registry.npmjs.org/ziko/-/ziko-0.40.1.tgz",
      "integrity": "sha512-KOA1Xoo+RV3MKUXgGgTCdi1+R4KP/MfWhUviDt78vdqz2quPcx2hPZxiMg3XWoxi2Ffw25QF5Idc6th4/6Fp8g==",
      "license": "MIT",
      "bin": {
        "create-ziko-app": "starter/bin/index.js"
      }
    }
  }
}
